
Microsoft Visual Studio Solution File, Format Version 12.00
# Visual Studio Version 16
VisualStudioVersion = 16.0.31019.35
MinimumVisualStudioVersion = 10.0.40219.1
Project("{FAE04EC0-301F-11D3-BF4B-00C04F79EFBC}") = "HW4EX1", "HW4EX1.csproj", "{5438381E-E30C-4999-B2AB-9C205A17DCBB}"
EndProject
Global
	GlobalSection(SolutionConfigurationPlatforms) = preSolution
		Debug|Any CPU = Debug|Any CPU
		Release|Any CPU = Release|Any CPU
	EndGlobalSection
	GlobalSection(ProjectConfigurationPlatforms) = postSolution
		{5438381E-E30C-4999-B2AB-9C205A17DCBB}.Debug|Any CPU.ActiveCfg = Debug|Any CPU
		{5438381E-E30C-4999-B2AB-9C205A17DCBB}.Debug|Any CPU.Build.0 = Debug|Any CPU
		{5438381E-E30C-4999-B2AB-9C205A17DCBB}.Release|Any CPU.ActiveCfg = Release|Any CPU
		{5438381E-E30C-4999-B2AB-9C205A17DCBB}.Release|Any CPU.Build.0 = Release|Any CPU
	EndGlobalSection
	GlobalSection(SolutionProperties) = preSolution
		HideSolutionNode = FALSE
	EndGlobalSection
	GlobalSection(ExtensibilityGlobals) = postSolution
		SolutionGuid = {269D0335-A51E-4F04-B3C9-310E7FEFF9B1}
	EndGlobalSection
EndGlobal
